// !$*UTF8*$!
{
	archiveVersion = 1;
	classes = {
	};
	objectVersion = 48;
	objects = {

/* Begin PBXBuildFile section */
		657E836F200E2B0B00A3506F /* AppDelegate.swift in Sources */ = {isa = PBXBuildFile; fileRef = 657E836E200E2B0B00A3506F /* AppDelegate.swift */; };
		657E8371200E2B0B00A3506F /* ViewController.swift in Sources */ = {isa = PBXBuildFile; fileRef = 657E8370200E2B0B00A3506F /* ViewController.swift */; };
		657E8374200E2B0B00A3506F /* Main.storyboard in Resources */ = {isa = PBXBuildFile; fileRef = 657E8372200E2B0B00A3506F /* Main.storyboard */; };
		657E8376200E2B0B00A3506F /* Assets.xcassets in Resources */ = {isa = PBXBuildFile; fileRef = 657E8375200E2B0B00A3506F /* Assets.xcassets */; };
		657E8379200E2B0B00A3506F /* LaunchScreen.storyboard in Resources */ = {isa = PBXBuildFile; fileRef = 657E8377200E2B0B00A3506F /* LaunchScreen.storyboard */; };
		657E8384200E2B0B00A3506F /* swiftTestTests.swift in Sources */ = {isa = PBXBuildFile; fileRef = 657E8383200E2B0B00A3506F /* swiftTestTests.swift */; };
		657E838F200E2B0B00A3506F /* swiftTestUITests.swift in Sources */ = {isa = PBXBuildFile; fileRef = 657E838E200E2B0B00A3506F /* swiftTestUITests.swift */; };
/* End PBXBuildFile section */

/* Begin PBXContainerItemProxy section */
		657E8380200E2B0B00A3506F /* PBXContainerItemProxy */ = {
			isa = PBXContainerItemProxy;
			containerPortal = 657E8363200E2B0B00A3506F /* Project object */;
			proxyType = 1;
			remoteGlobalIDString = 657E836A200E2B0B00A3506F;
			remoteInfo = swiftTest;
		};
		657E838B200E2B0B00A3506F /* PBXContainerItemProxy */ = {
			isa = PBXContainerItemProxy;
			containerPortal = 657E8363200E2B0B00A3506F /* Project object */;
			proxyType = 1;
			remoteGlobalIDString = 657E836A200E2B0B00A3506F;
			remoteInfo = swiftTest;
		};
/* End PBXContainerItemProxy section */

/* Begin PBXFileReference section */
		657E836B200E2B0B00A3506F /* swiftTest.app */ = {isa = PBXFileReference; explicitFileType = wrapper.application; includeInIndex = 0; path = swiftTest.app; sourceTree = BUILT_PRODUCTS_DIR; };
		657E836E200E2B0B00A3506F /* AppDelegate.swift */ = {isa = PBXFileReference; lastKnownFileType = sourcecode.swift; path = AppDelegate.swift; sourceTree = "<group>"; };
		657E8370200E2B0B00A3506F /* ViewController.swift */ = {isa = PBXFileReference; lastKnownFileType = sourcecode.swift; path = ViewController.swift; sourceTree = "<group>"; };
		657E8373200E2B0B00A3506F /* Base */ = {isa = PBXFileReference; lastKnownFileType = file.storyboard; name = Base; path = Base.lproj/Main.storyboard; sourceTree = "<group>"; };
		657E8375200E2B0B00A3506F /* Assets.xcassets */ = {isa = PBXFileReference; lastKnownFileType = folder.assetcatalog; path = Assets.xcassets; sourceTree = "<group>"; };
		657E8378200E2B0B00A3506F /* Base */ = {isa = PBXFileReference; lastKnownFileType = file.storyboard; name = Base; path = Base.lproj/LaunchScreen.storyboard; sourceTree = "<group>"; };
		657E837A200E2B0B00A3506F /* Info.plist */ = {isa = PBXFileReference; lastKnownFileType = text.plist.xml; path = Info.plist; sourceTree = "<group>"; };
		657E837F200E2B0B00A3506F /* swiftTestTests.xctest */ = {isa = PBXFileReference; explicitFileType = wrapper.cfbundle; includeInIndex = 0; path = swiftTestTests.xctest; sourceTree = BUILT_PRODUCTS_DIR; };
		657E8383200E2B0B00A3506F /* swiftTestTests.swift */ = {isa = PBXFileReference; lastKnownFileType = sourcecode.swift; path = swiftTestTests.swift; sourceTree = "<group>"; };
		657E8385200E2B0B00A3506F /* Info.plist */ = {isa = PBXFileReference; lastKnownFileType = text.plist.xml; path = Info.plist; sourceTree = "<group>"; };
		657E838A200E2B0B00A3506F /* swiftTestUITests.xctest */ = {isa = PBXFileReference; explicitFileType = wrapper.cfbundle; includeInIndex = 0; path = swiftTestUITests.xctest; sourceTree = BUILT_PRODUCTS_DIR; };
		657E838E200E2B0B00A3506F /* swiftTestUITests.swift */ = {isa = PBXFileReference; lastKnownFileType = sourcecode.swift; path = swiftTestUITests.swift; sourceTree = "<group>"; };
		657E8390200E2B0B00A3506F /* Info.plist */ = {isa = PBXFileReference; lastKnownFileType = text.plist.xml; path = Info.plist; sourceTree = "<group>"; };
/* End PBXFileReference section */

/* Begin PBXFrameworksBuildPhase section */
		657E8368200E2B0B00A3506F /* Frameworks */ = {
			isa = PBXFrameworksBuildPhase;
			buildActionMask = 2147483647;
			files = (
			);
			runOnlyForDeploymentPostprocessing = 0;
		};
		657E837C200E2B0B00A3506F /* Frameworks */ = {
			isa = PBXFrameworksBuildPhase;
			buildActionMask = 2147483647;
			files = (
			);
			runOnlyForDeploymentPostprocessing = 0;
		};
		657E8387200E2B0B00A3506F /* Frameworks */ = {
			isa = PBXFrameworksBuildPhase;
			buildActionMask = 2147483647;
			files = (
			);
			runOnlyForDeploymentPostprocessing = 0;
		};
/* End PBXFrameworksBuildPhase section */

/* Begin PBXGroup section */
		657E8362200E2B0B00A3506F = {
			isa = PBXGroup;
			children = (
				657E836D200E2B0B00A3506F /* swiftTest */,
				657E8382200E2B0B00A3506F /* swiftTestTests */,
				657E838D200E2B0B00A3506F /* swiftTestUITests */,
				657E836C200E2B0B00A3506F /* Products */,
			);
			sourceTree = "<group>";
		};
		657E836C200E2B0B00A3506F /* Products */ = {
			isa = PBXGroup;
			children = (
				657E836B200E2B0B00A3506F /* swiftTest.app */,
				657E837F200E2B0B00A3506F /* swiftTestTests.xctest */,
				657E838A200E2B0B00A3506F /* swiftTestUITests.xctest */,
			);
			name = Products;
			sourceTree = "<group>";
		};
		657E836D200E2B0B00A3506F /* swiftTest */ = {
			isa = PBXGroup;
			children = (
				657E836E200E2B0B00A3506F /* AppDelegate.swift */,
				657E8370200E2B0B00A3506F /* ViewController.swift */,
				657E8372200E2B0B00A3506F /* Main.storyboard */,
				657E8375200E2B0B00A3506F /* Assets.xcassets */,
				657E8377200E2B0B00A3506F /* LaunchScreen.storyboard */,
				657E837A200E2B0B00A3506F /* Info.plist */,
			);
			path = swiftTest;
			sourceTree = "<group>";
		};
		657E8382200E2B0B00A3506F /* swiftTestTests */ = {
			isa = PBXGroup;
			children = (
				657E8383200E2B0B00A3506F /* swiftTestTests.swift */,
				657E8385200E2B0B00A3506F /* Info.plist */,
			);
			path = swiftTestTests;
			sourceTree = "<group>";
		};
		657E838D200E2B0B00A3506F /* swiftTestUITests */ = {
			isa = PBXGroup;
			children = (
				657E838E200E2B0B00A3506F /* swiftTestUITests.swift */,
				657E8390200E2B0B00A3506F /* Info.plist */,
			);
			path = swiftTestUITests;
			sourceTree = "<group>";
		};
/* End PBXGroup section */

/* Begin PBXNativeTarget section */
		657E836A200E2B0B00A3506F /* swiftTest */ = {
			isa = PBXNativeTarget;
			buildConfigurationList = 657E8393200E2B0B00A3506F /* Build configuration list for PBXNativeTarget "swiftTest" */;
			buildPhases = (
				657E8367200E2B0B00A3506F /* Sources */,
				657E8368200E2B0B00A3506F /* Frameworks */,
				657E8369200E2B0B00A3506F /* Resources */,
			);
			buildRules = (
			);
			dependencies = (
			);
			name = swiftTest;
			productName = swiftTest;
			productReference = 657E836B200E2B0B00A3506F /* swiftTest.app */;
			productType = "com.apple.product-type.application";
		};
		657E837E200E2B0B00A3506F /* swiftTestTests */ = {
			isa = PBXNativeTarget;
			buildConfigurationList = 657E8396200E2B0B00A3506F /* Build configuration list for PBXNativeTarget "swiftTestTests" */;
			buildPhases = (
				657E837B200E2B0B00A3506F /* Sources */,
				657E837C200E2B0B00A3506F /* Frameworks */,
				657E837D200E2B0B00A3506F /* Resources */,
			);
			buildRules = (
			);
			dependencies = (
				657E8381200E2B0B00A3506F /* PBXTargetDependency */,
			);
			name = swiftTestTests;
			productName = swiftTestTests;
			productReference = 657E837F200E2B0B00A3506F /* swiftTestTests.xctest */;
			productType = "com.apple.product-type.bundle.unit-test";
		};
		657E8389200E2B0B00A3506F /* swiftTestUITests */ = {
			isa = PBXNativeTarget;
			buildConfigurationList = 657E8399200E2B0B00A3506F /* Build configuration list for PBXNativeTarget "swiftTestUITests" */;
			buildPhases = (
				657E8386200E2B0B00A3506F /* Sources */,
				657E8387200E2B0B00A3506F /* Frameworks */,
				657E8388200E2B0B00A3506F /* Resources */,
			);
			buildRules = (
			);
			dependencies = (
				657E838C200E2B0B00A3506F /* PBXTargetDependency */,
			);
			name = swiftTestUITests;
			productName = swiftTestUITests;
			productReference = 657E838A200E2B0B00A3506F /* swiftTestUITests.xctest */;
			productType = "com.apple.product-type.bundle.ui-testing";
		};
/* End PBXNativeTarget section */

/* Begin PBXProject section */
		657E8363200E2B0B00A3506F /* Project object */ = {
			isa = PBXProject;
			attributes = {
				LastSwiftUpdateCheck = 0920;
				LastUpgradeCheck = 0920;
				ORGANIZATIONNAME = "Nikolas Haase";
				TargetAttributes = {
					657E836A200E2B0B00A3506F = {
						CreatedOnToolsVersion = 9.2;
						ProvisioningStyle = Automatic;
					};
					657E837E200E2B0B00A3506F = {
						CreatedOnToolsVersion = 9.2;
						ProvisioningStyle = Automatic;
						TestTargetID = 657E836A200E2B0B00A3506F;
					};
					657E8389200E2B0B00A3506F = {
						CreatedOnToolsVersion = 9.2;
						ProvisioningStyle = Automatic;
						TestTargetID = 657E836A200E2B0B00A3506F;
					};
				};
			};
			buildConfigurationList = 657E8366200E2B0B00A3506F /* Build configuration list for PBXProject "swiftTest" */;
			compatibilityVersion = "Xcode 8.0";
			developmentRegion = en;
			hasScannedForEncodings = 0;
			knownRegions = (
				en,
				Base,
			);
			mainGroup = 657E8362200E2B0B00A3506F;
			productRefGroup = 657E836C200E2B0B00A3506F /* Products */;
			projectDirPath = "";
			projectRoot = "";
			targets = (
				657E836A200E2B0B00A3506F /* swiftTest */,
				657E837E200E2B0B00A3506F /* swiftTestTests */,
				657E8389200E2B0B00A3506F /* swiftTestUITests */,
			);
		};
/* End PBXProject section */

/* Begin PBXResourcesBuildPhase section */
		657E8369200E2B0B00A3506F /* Resources */ = {
			isa = PBXResourcesBuildPhase;
			buildActionMask = 2147483647;
			files = (
				657E8379200E2B0B00A3506F /* LaunchScreen.storyboard in Resources */,
				657E8376200E2B0B00A3506F /* Assets.xcassets in Resources */,
				657E8374200E2B0B00A3506F /* Main.storyboard in Resources */,
			);
			runOnlyForDeploymentPostprocessing = 0;
		};
		657E837D200E2B0B00A3506F /* Resources */ = {
			isa = PBXResourcesBuildPhase;
			buildActionMask = 2147483647;
			files = (
			);
			runOnlyForDeploymentPostprocessing = 0;
		};
		657E8388200E2B0B00A3506F /* Resources */ = {
			isa = PBXResourcesBuildPhase;
			buildActionMask = 2147483647;
			files = (
			);
			runOnlyForDeploymentPostprocessing = 0;
		};
/* End PBXResourcesBuildPhase section */

/* Begin PBXSourcesBuildPhase section */
		657E8367200E2B0B00A3506F /* Sources */ = {
			isa = PBXSourcesBuildPhase;
			buildActionMask = 2147483647;
			files = (
				657E8371200E2B0B00A3506F /* ViewController.swift in Sources */,
				657E836F200E2B0B00A3506F /* AppDelegate.swift in Sources */,
			);
			runOnlyForDeploymentPostprocessing = 0;
		};
		657E837B200E2B0B00A3506F /* Sources */ = {
			isa = PBXSourcesBuildPhase;
			buildActionMask = 2147483647;
			files = (
				657E8384200E2B0B00A3506F /* swiftTestTests.swift in Sources */,
			);
			runOnlyForDeploymentPostprocessing = 0;
		};
		657E8386200E2B0B00A3506F /* Sources */ = {
			isa = PBXSourcesBuildPhase;
			buildActionMask = 2147483647;
			files = (
				657E838F200E2B0B00A3506F /* swiftTestUITests.swift in Sources */,
			);
			runOnlyForDeploymentPostprocessing = 0;
		};
/* End PBXSourcesBuildPhase section */

/* Begin PBXTargetDependency section */
		657E8381200E2B0B00A3506F /* PBXTargetDependency */ = {
			isa = PBXTargetDependency;
			target = 657E836A200E2B0B00A3506F /* swiftTest */;
			targetProxy = 657E8380200E2B0B00A3506F /* PBXContainerItemProxy */;
		};
		657E838C200E2B0B00A3506F /* PBXTargetDependency */ = {
			isa = PBXTargetDependency;
			target = 657E836A200E2B0B00A3506F /* swiftTest */;
			targetProxy = 657E838B200E2B0B00A3506F /* PBXContainerItemProxy */;
		};
/* End PBXTargetDependency section */

/* Begin PBXVariantGroup section */
		657E8372200E2B0B00A3506F /* Main.storyboard */ = {
			isa = PBXVariantGroup;
			children = (
				657E8373200E2B0B00A3506F /* Base */,
			);
			name = Main.storyboard;
			sourceTree = "<group>";
		};
		657E8377200E2B0B00A3506F /* LaunchScreen.storyboard */ = {
			isa = PBXVariantGroup;
			children = (
				657E8378200E2B0B00A3506F /* Base */,
			);
			name = LaunchScreen.storyboard;
			sourceTree = "<group>";
		};
/* End PBXVariantGroup section */

/* Begin XCBuildConfiguration section */
		657E8391200E2B0B00A3506F /* Debug */ = {
			isa = XCBuildConfiguration;
			buildSettings = {
				ALWAYS_SEARCH_USER_PATHS = NO;
				CLANG_ANALYZER_NONNULL = YES;
				CLANG_ANALYZER_NUMBER_OBJECT_CONVERSION = YES_AGGRESSIVE;
				CLANG_CXX_LANGUAGE_STANDARD = "gnu++14";
				CLANG_CXX_LIBRARY = "libc++";
				CLANG_ENABLE_MODULES = YES;
				CLANG_ENABLE_OBJC_ARC = YES;
				CLANG_WARN_BLOCK_CAPTURE_AUTORELEASING = YES;
				CLANG_WARN_BOOL_CONVERSION = YES;
				CLANG_WARN_COMMA = YES;
				CLANG_WARN_CONSTANT_CONVERSION = YES;
				CLANG_WARN_DIRECT_OBJC_ISA_USAGE = YES_ERROR;
				CLANG_WARN_DOCUMENTATION_COMMENTS = YES;
				CLANG_WARN_EMPTY_BODY = YES;
				CLANG_WARN_ENUM_CONVERSION = YES;
				CLANG_WARN_INFINITE_RECURSION = YES;
				CLANG_WARN_INT_CONVERSION = YES;
				CLANG_WARN_NON_LITERAL_NULL_CONVERSION = YES;
				CLANG_WARN_OBJC_LITERAL_CONVERSION = YES;
				CLANG_WARN_OBJC_ROOT_CLASS = YES_ERROR;
				CLANG_WARN_RANGE_LOOP_ANALYSIS = YES;
				CLANG_WARN_STRICT_PROTOTYPES = YES;
				CLANG_WARN_SUSPICIOUS_MOVE = YES;
				CLANG_WARN_UNGUARDED_AVAILABILITY = YES_AGGRESSIVE;
				CLANG_WARN_UNREACHABLE_CODE = YES;
				CLANG_WARN__DUPLICATE_METHOD_MATCH = YES;
				CODE_SIGN_IDENTITY = "iPhone Developer";
				COPY_PHASE_STRIP = NO;
				DEBUG_INFORMATION_FORMAT = dwarf;
				ENABLE_STRICT_OBJC_MSGSEND = YES;
				ENABLE_TESTABILITY = YES;
				GCC_C_LANGUAGE_STANDARD = gnu11;
				GCC_DYNAMIC_NO_PIC = NO;
				GCC_NO_COMMON_BLOCKS = YES;
				GCC_OPTIMIZATION_LEVEL = 0;
				GCC_PREPROCESSOR_DEFINITIONS = (
					"DEBUG=1",
					"$(inherited)",
				);
				GCC_WARN_64_TO_32_BIT_CONVERSION = YES;
				GCC_WARN_ABOUT_RETURN_TYPE = YES_ERROR;
				GCC_WARN_UNDECLARED_SELECTOR = YES;
				GCC_WARN_UNINITIALIZED_AUTOS = YES_AGGRESSIVE;
				GCC_WARN_UNUSED_FUNCTION = YES;
				GCC_WARN_UNUSED_VARIABLE = YES;
				IPHONEOS_DEPLOYMENT_TARGET = 11.2;
				MTL_ENABLE_DEBUG_INFO = YES;
				ONLY_ACTIVE_ARCH = YES;
				SDKROOT = iphoneos;
				SWIFT_ACTIVE_COMPILATION_CONDITIONS = DEBUG;
				SWIFT_OPTIMIZATION_LEVEL = "-Onone";
			};
			name = Debug;
		};
		657E8392200E2B0B00A3506F /* Release */ = {
			isa = XCBuildConfiguration;
			buildSettings = {
				ALWAYS_SEARCH_USER_PATHS = NO;
				CLANG_ANALYZER_NONNULL = YES;
				CLANG_ANALYZER_NUMBER_OBJECT_CONVERSION = YES_AGGRESSIVE;
				CLANG_CXX_LANGUAGE_STANDARD = "gnu++14";
				CLANG_CXX_LIBRARY = "libc++";
				CLANG_ENABLE_MODULES = YES;
				CLANG_ENABLE_OBJC_ARC = YES;
				CLANG_WARN_BLOCK_CAPTURE_AUTORELEASING = YES;
				CLANG_WARN_BOOL_CONVERSION = YES;
				CLANG_WARN_COMMA = YES;
				CLANG_WARN_CONSTANT_CONVERSION = YES;
				CLANG_WARN_DIRECT_OBJC_ISA_USAGE = YES_ERROR;
				CLANG_WARN_DOCUMENTATION_COMMENTS = YES;
				CLANG_WARN_EMPTY_BODY = YES;
				CLANG_WARN_ENUM_CONVERSION = YES;
				CLANG_WARN_INFINITE_RECURSION = YES;
				CLANG_WARN_INT_CONVERSION = YES;
				CLANG_WARN_NON_LITERAL_NULL_CONVERSION = YES;
				CLANG_WARN_OBJC_LITERAL_CONVERSION = YES;
				CLANG_WARN_OBJC_ROOT_CLASS = YES_ERROR;
				CLANG_WARN_RANGE_LOOP_ANALYSIS = YES;
				CLANG_WARN_STRICT_PROTOTYPES = YES;
				CLANG_WARN_SUSPICIOUS_MOVE = YES;
				CLANG_WARN_UNGUARDED_AVAILABILITY = YES_AGGRESSIVE;
				CLANG_WARN_UNREACHABLE_CODE = YES;
				CLANG_WARN__DUPLICATE_METHOD_MATCH = YES;
				CODE_SIGN_IDENTITY = "iPhone Developer";
				COPY_PHASE_STRIP = NO;
				DEBUG_INFORMATION_FORMAT = "dwarf-with-dsym";
				ENABLE_NS_ASSERTIONS = NO;
				ENABLE_STRICT_OBJC_MSGSEND = YES;
				GCC_C_LANGUAGE_STANDARD = gnu11;
				GCC_NO_COMMON_BLOCKS = YES;
				GCC_WARN_64_TO_32_BIT_CONVERSION = YES;
				GCC_WARN_ABOUT_RETURN_TYPE = YES_ERROR;
				GCC_WARN_UNDECLARED_SELECTOR = YES;
				GCC_WARN_UNINITIALIZED_AUTOS = YES_AGGRESSIVE;
				GCC_WARN_UNUSED_FUNCTION = YES;
				GCC_WARN_UNUSED_VARIABLE = YES;
				IPHONEOS_DEPLOYMENT_TARGET = 11.2;
				MTL_ENABLE_DEBUG_INFO = NO;
				SDKROOT = iphoneos;
				SWIFT_OPTIMIZATION_LEVEL = "-Owholemodule";
				VALIDATE_PRODUCT = YES;
			};
			name = Release;
		};
		657E8394200E2B0B00A3506F /* Debug */ = {
			isa = XCBuildConfiguration;
			buildSettings = {
				ASSETCATALOG_COMPILER_APPICON_NAME = AppIcon;
				CODE_SIGN_STYLE = Automatic;
				INFOPLIST_FILE = swiftTest/Info.plist;
				LD_RUNPATH_SEARCH_PATHS = "$(inherited) @executable_path/Frameworks";
				PRODUCT_BUNDLE_IDENTIFIER = haasenikolas.swiftTest;
				PRODUCT_NAME = "$(TARGET_NAME)";
				SWIFT_VERSION = 4.0;
				TARGETED_DEVICE_FAMILY = "1,2";
			};
			name = Debug;
		};
		657E8395200E2B0B00A3506F /* Release */ = {
			isa = XCBuildConfiguration;
			buildSettings = {
				ASSETCATALOG_COMPILER_APPICON_NAME = AppIcon;
				CODE_SIGN_STYLE = Automatic;
				INFOPLIST_FILE = swiftTest/Info.plist;
				LD_RUNPATH_SEARCH_PATHS = "$(inherited) @executable_path/Frameworks";
				PRODUCT_BUNDLE_IDENTIFIER = haasenikolas.swiftTest;
				PRODUCT_NAME = "$(TARGET_NAME)";
				SWIFT_VERSION = 4.0;
				TARGETED_DEVICE_FAMILY = "1,2";
			};
			name = Release;
		};
		657E8397200E2B0B00A3506F /* Debug */ = {
			isa = XCBuildConfiguration;
			buildSettings = {
				ALWAYS_EMBED_SWIFT_STANDARD_LIBRARIES = YES;
				BUNDLE_LOADER = "$(TEST_HOST)";
				CODE_SIGN_STYLE = Automatic;
				INFOPLIST_FILE = swiftTestTests/Info.plist;
				LD_RUNPATH_SEARCH_PATHS = "$(inherited) @executable_path/Frameworks @loader_path/Frameworks";
				PRODUCT_BUNDLE_IDENTIFIER = haasenikolas.swiftTestTests;
				PRODUCT_NAME = "$(TARGET_NAME)";
				SWIFT_VERSION = 4.0;
				TARGETED_DEVICE_FAMILY = "1,2";
				TEST_HOST = "$(BUILT_PRODUCTS_DIR)/swiftTest.app/swiftTest";
			};
			name = Debug;
		};
		657E8398200E2B0B00A3506F /* Release */ = {
			isa = XCBuildConfiguration;
			buildSettings = {
				ALWAYS_EMBED_SWIFT_STANDARD_LIBRARIES = YES;
				BUNDLE_LOADER = "$(TEST_HOST)";
				CODE_SIGN_STYLE = Automatic;
				INFOPLIST_FILE = swiftTestTests/Info.plist;
				LD_RUNPATH_SEARCH_PATHS = "$(inherited) @executable_path/Frameworks @loader_path/Frameworks";
				PRODUCT_BUNDLE_IDENTIFIER = haasenikolas.swiftTestTests;
				PRODUCT_NAME = "$(TARGET_NAME)";
				SWIFT_VERSION = 4.0;
				TARGETED_DEVICE_FAMILY = "1,2";
				TEST_HOST = "$(BUILT_PRODUCTS_DIR)/swiftTest.app/swiftTest";
			};
			name = Release;
		};
		657E839A200E2B0B00A3506F /* Debug */ = {
			isa = XCBuildConfiguration;
			buildSettings = {
				ALWAYS_EMBED_SWIFT_STANDARD_LIBRARIES = YES;
				CODE_SIGN_STYLE = Automatic;
				INFOPLIST_FILE = swiftTestUITests/Info.plist;
				LD_RUNPATH_SEARCH_PATHS = "$(inherited) @executable_path/Frameworks @loader_path/Frameworks";
				PRODUCT_BUNDLE_IDENTIFIER = haasenikolas.swiftTestUITests;
				PRODUCT_NAME = "$(TARGET_NAME)";
				SWIFT_VERSION = 4.0;
				TARGETED_DEVICE_FAMILY = "1,2";
				TEST_TARGET_NAME = swiftTest;
			};
			name = Debug;
		};
		657E839B200E2B0B00A3506F /* Release */ = {
			isa = XCBuildConfiguration;
			buildSettings = {
				ALWAYS_EMBED_SWIFT_STANDARD_LIBRARIES = YES;
				CODE_SIGN_STYLE = Automatic;
				INFOPLIST_FILE = swiftTestUITests/Info.plist;
				LD_RUNPATH_SEARCH_PATHS = "$(inherited) @executable_path/Frameworks @loader_path/Frameworks";
				PRODUCT_BUNDLE_IDENTIFIER = haasenikolas.swiftTestUITests;
				PRODUCT_NAME = "$(TARGET_NAME)";
				SWIFT_VERSION = 4.0;
				TARGETED_DEVICE_FAMILY = "1,2";
				TEST_TARGET_NAME = swiftTest;
			};
			name = Release;
		};
/* End XCBuildConfiguration section */

/* Begin XCConfigurationList section */
		657E8366200E2B0B00A3506F /* Build configuration list for PBXProject "swiftTest" */ = {
			isa = XCConfigurationList;
			buildConfigurations = (
				657E8391200E2B0B00A3506F /* Debug */,
				657E8392200E2B0B00A3506F /* Release */,
			);
			defaultConfigurationIsVisible = 0;
			defaultConfigurationName = Release;
		};
		657E8393200E2B0B00A3506F /* Build configuration list for PBXNativeTarget "swiftTest" */ = {
			isa = XCConfigurationList;
			buildConfigurations = (
				657E8394200E2B0B00A3506F /* Debug */,
				657E8395200E2B0B00A3506F /* Release */,
			);
			defaultConfigurationIsVisible = 0;
			defaultConfigurationName = Release;
		};
		657E8396200E2B0B00A3506F /* Build configuration list for PBXNativeTarget "swiftTestTests" */ = {
			isa = XCConfigurationList;
			buildConfigurations = (
				657E8397200E2B0B00A3506F /* Debug */,
				657E8398200E2B0B00A3506F /* Release */,
			);
			defaultConfigurationIsVisible = 0;
			defaultConfigurationName = Release;
		};
		657E8399200E2B0B00A3506F /* Build configuration list for PBXNativeTarget "swiftTestUITests" */ = {
			isa = XCConfigurationList;
			buildConfigurations = (
				657E839A200E2B0B00A3506F /* Debug */,
				657E839B200E2B0B00A3506F /* Release */,
			);
			defaultConfigurationIsVisible = 0;
			defaultConfigurationName = Release;
		};
/* End XCConfigurationList section */
	};
	rootObject = 657E8363200E2B0B00A3506F /* Project object */;
}
